// !$*UTF8*$!
{
	archiveVersion = 1;
	classes = {
	};
	objectVersion = 55;
	objects = {

/* Begin PBXBuildFile section */
		DA7F234D28CF43D800CAC439 /* AppDelegate.swift in Sources */ = {isa = PBXBuildFile; fileRef = DA7F234C28CF43D800CAC439 /* AppDelegate.swift */; };
		DA7F234F28CF43D800CAC439 /* SceneDelegate.swift in Sources */ = {isa = PBXBuildFile; fileRef = DA7F234E28CF43D800CAC439 /* SceneDelegate.swift */; };
		DA7F235128CF43D800CAC439 /* ViewController.swift in Sources */ = {isa = PBXBuildFile; fileRef = DA7F235028CF43D800CAC439 /* ViewController.swift */; };
		DA7F235428CF43D800CAC439 /* Main.storyboard in Resources */ = {isa = PBXBuildFile; fileRef = DA7F235228CF43D800CAC439 /* Main.storyboard */; };
		DA7F235628CF43DA00CAC439 /* Assets.xcassets in Resources */ = {isa = PBXBuildFile; fileRef = DA7F235528CF43DA00CAC439 /* Assets.xcassets */; };
		DA7F235928CF43DA00CAC439 /* LaunchScreen.storyboard in Resources */ = {isa = PBXBuildFile; fileRef = DA7F235728CF43DA00CAC439 /* LaunchScreen.storyboard */; };
		DA7F236128CF4FB100CAC439 /* CatalogViewController.swift in Sources */ = {isa = PBXBuildFile; fileRef = DA7F236028CF4FB100CAC439 /* CatalogViewController.swift */; };
		DA7F236328CF580900CAC439 /* NetworkService.swift in Sources */ = {isa = PBXBuildFile; fileRef = DA7F236228CF580900CAC439 /* NetworkService.swift */; };
		DA7F236528CF589300CAC439 /* Models.swift in Sources */ = {isa = PBXBuildFile; fileRef = DA7F236428CF589300CAC439 /* Models.swift */; };
		DA7F236928CF5F4700CAC439 /* CatalogCustomCell.swift in Sources */ = {isa = PBXBuildFile; fileRef = DA7F236828CF5F4600CAC439 /* CatalogCustomCell.swift */; };
		DA7F236C28CF710400CAC439 /* SDWebImage in Frameworks */ = {isa = PBXBuildFile; productRef = DA7F236B28CF710400CAC439 /* SDWebImage */; };
		DA7F236E28CF710400CAC439 /* SDWebImageMapKit in Frameworks */ = {isa = PBXBuildFile; productRef = DA7F236D28CF710400CAC439 /* SDWebImageMapKit */; };
		DA7F237028D0CB4500CAC439 /* PaymentViewController.swift in Sources */ = {isa = PBXBuildFile; fileRef = DA7F236F28D0CB4400CAC439 /* PaymentViewController.swift */; };
		DA7F237228D0CB7300CAC439 /* PaymentCustomCell.swift in Sources */ = {isa = PBXBuildFile; fileRef = DA7F237128D0CB7300CAC439 /* PaymentCustomCell.swift */; };
		DAD0619928D0E84B008968CB /* FinalViewController.swift in Sources */ = {isa = PBXBuildFile; fileRef = DAD0619828D0E84B008968CB /* FinalViewController.swift */; };
/* End PBXBuildFile section */

/* Begin PBXFileReference section */
		DA7F234928CF43D800CAC439 /* TechnicsShop.app */ = {isa = PBXFileReference; explicitFileType = wrapper.application; includeInIndex = 0; path = TechnicsShop.app; sourceTree = BUILT_PRODUCTS_DIR; };
		DA7F234C28CF43D800CAC439 /* AppDelegate.swift */ = {isa = PBXFileReference; lastKnownFileType = sourcecode.swift; path = AppDelegate.swift; sourceTree = "<group>"; };
		DA7F234E28CF43D800CAC439 /* SceneDelegate.swift */ = {isa = PBXFileReference; lastKnownFileType = sourcecode.swift; path = SceneDelegate.swift; sourceTree = "<group>"; };
		DA7F235028CF43D800CAC439 /* ViewController.swift */ = {isa = PBXFileReference; lastKnownFileType = sourcecode.swift; path = ViewController.swift; sourceTree = "<group>"; };
		DA7F235328CF43D800CAC439 /* Base */ = {isa = PBXFileReference; lastKnownFileType = file.storyboard; name = Base; path = Base.lproj/Main.storyboard; sourceTree = "<group>"; };
		DA7F235528CF43DA00CAC439 /* Assets.xcassets */ = {isa = PBXFileReference; lastKnownFileType = folder.assetcatalog; path = Assets.xcassets; sourceTree = "<group>"; };
		DA7F235828CF43DA00CAC439 /* Base */ = {isa = PBXFileReference; lastKnownFileType = file.storyboard; name = Base; path = Base.lproj/LaunchScreen.storyboard; sourceTree = "<group>"; };
		DA7F235A28CF43DA00CAC439 /* Info.plist */ = {isa = PBXFileReference; lastKnownFileType = text.plist.xml; path = Info.plist; sourceTree = "<group>"; };
		DA7F236028CF4FB100CAC439 /* CatalogViewController.swift */ = {isa = PBXFileReference; lastKnownFileType = sourcecode.swift; path = CatalogViewController.swift; sourceTree = "<group>"; };
		DA7F236228CF580900CAC439 /* NetworkService.swift */ = {isa = PBXFileReference; lastKnownFileType = sourcecode.swift; path = NetworkService.swift; sourceTree = "<group>"; };
		DA7F236428CF589300CAC439 /* Models.swift */ = {isa = PBXFileReference; lastKnownFileType = sourcecode.swift; path = Models.swift; sourceTree = "<group>"; };
		DA7F236828CF5F4600CAC439 /* CatalogCustomCell.swift */ = {isa = PBXFileReference; lastKnownFileType = sourcecode.swift; path = CatalogCustomCell.swift; sourceTree = "<group>"; };
		DA7F236F28D0CB4400CAC439 /* PaymentViewController.swift */ = {isa = PBXFileReference; lastKnownFileType = sourcecode.swift; path = PaymentViewController.swift; sourceTree = "<group>"; };
		DA7F237128D0CB7300CAC439 /* PaymentCustomCell.swift */ = {isa = PBXFileReference; lastKnownFileType = sourcecode.swift; path = PaymentCustomCell.swift; sourceTree = "<group>"; };
		DAD0619828D0E84B008968CB /* FinalViewController.swift */ = {isa = PBXFileReference; lastKnownFileType = sourcecode.swift; path = FinalViewController.swift; sourceTree = "<group>"; };
/* End PBXFileReference section */

/* Begin PBXFrameworksBuildPhase section */
		DA7F234628CF43D800CAC439 /* Frameworks */ = {
			isa = PBXFrameworksBuildPhase;
			buildActionMask = 2147483647;
			files = (
				DA7F236E28CF710400CAC439 /* SDWebImageMapKit in Frameworks */,
				DA7F236C28CF710400CAC439 /* SDWebImage in Frameworks */,
			);
			runOnlyForDeploymentPostprocessing = 0;
		};
/* End PBXFrameworksBuildPhase section */

/* Begin PBXGroup section */
		DA7F234028CF43D800CAC439 = {
			isa = PBXGroup;
			children = (
				DA7F234B28CF43D800CAC439 /* TechnicsShop */,
				DA7F234A28CF43D800CAC439 /* Products */,
			);
			sourceTree = "<group>";
		};
		DA7F234A28CF43D800CAC439 /* Products */ = {
			isa = PBXGroup;
			children = (
				DA7F234928CF43D800CAC439 /* TechnicsShop.app */,
			);
			name = Products;
			sourceTree = "<group>";
		};
		DA7F234B28CF43D800CAC439 /* TechnicsShop */ = {
			isa = PBXGroup;
			children = (
				DAA60F0C297ADBBD0082D44B /* docs */,
			);
			path = TechnicsShop;
			sourceTree = "<group>";
		};
		DAA60F0C297ADBBD0082D44B /* docs */ = {
			isa = PBXGroup;
			children = (
				DA7F234C28CF43D800CAC439 /* AppDelegate.swift */,
				DA7F234E28CF43D800CAC439 /* SceneDelegate.swift */,
				DA7F235028CF43D800CAC439 /* ViewController.swift */,
				DA7F236028CF4FB100CAC439 /* CatalogViewController.swift */,
				DA7F236828CF5F4600CAC439 /* CatalogCustomCell.swift */,
				DA7F236F28D0CB4400CAC439 /* PaymentViewController.swift */,
				DA7F237128D0CB7300CAC439 /* PaymentCustomCell.swift */,
				DAD0619828D0E84B008968CB /* FinalViewController.swift */,
				DA7F236228CF580900CAC439 /* NetworkService.swift */,
				DA7F236428CF589300CAC439 /* Models.swift */,
				DA7F235228CF43D800CAC439 /* Main.storyboard */,
				DA7F235528CF43DA00CAC439 /* Assets.xcassets */,
				DA7F235728CF43DA00CAC439 /* LaunchScreen.storyboard */,
				DA7F235A28CF43DA00CAC439 /* Info.plist */,
			);
			path = docs;
			sourceTree = "<group>";
		};
/* End PBXGroup section */

/* Begin PBXNativeTarget section */
		DA7F234828CF43D800CAC439 /* TechnicsShop */ = {
			isa = PBXNativeTarget;
			buildConfigurationList = DA7F235D28CF43DA00CAC439 /* Build configuration list for PBXNativeTarget "TechnicsShop" */;
			buildPhases = (
				DA7F234528CF43D800CAC439 /* Sources */,
				DA7F234628CF43D800CAC439 /* Frameworks */,
				DA7F234728CF43D800CAC439 /* Resources */,
			);
			buildRules = (
			);
			dependencies = (
			);
			name = TechnicsShop;
			packageProductDependencies = (
				DA7F236B28CF710400CAC439 /* SDWebImage */,
				DA7F236D28CF710400CAC439 /* SDWebImageMapKit */,
			);
			productName = TechnicsShop;
			productReference = DA7F234928CF43D800CAC439 /* TechnicsShop.app */;
			productType = "com.apple.product-type.application";
		};
/* End PBXNativeTarget section */

/* Begin PBXProject section */
		DA7F234128CF43D800CAC439 /* Project object */ = {
			isa = PBXProject;
			attributes = {
				BuildIndependentTargetsInParallel = 1;
				LastSwiftUpdateCheck = 1340;
				LastUpgradeCheck = 1340;
				TargetAttributes = {
					DA7F234828CF43D800CAC439 = {
						CreatedOnToolsVersion = 13.4.1;
					};
				};
			};
			buildConfigurationList = DA7F234428CF43D800CAC439 /* Build configuration list for PBXProject "TechnicsShop" */;
			compatibilityVersion = "Xcode 13.0";
			developmentRegion = en;
			hasScannedForEncodings = 0;
			knownRegions = (
				en,
				Base,
			);
			mainGroup = DA7F234028CF43D800CAC439;
			packageReferences = (
				DA7F236A28CF710400CAC439 /* XCRemoteSwiftPackageReference "SDWebImage" */,
			);
			productRefGroup = DA7F234A28CF43D800CAC439 /* Products */;
			projectDirPath = "";
			projectRoot = "";
			targets = (
				DA7F234828CF43D800CAC439 /* TechnicsShop */,
			);
		};
/* End PBXProject section */

/* Begin PBXResourcesBuildPhase section */
		DA7F234728CF43D800CAC439 /* Resources */ = {
			isa = PBXResourcesBuildPhase;
			buildActionMask = 2147483647;
			files = (
				DA7F235928CF43DA00CAC439 /* LaunchScreen.storyboard in Resources */,
				DA7F235628CF43DA00CAC439 /* Assets.xcassets in Resources */,
				DA7F235428CF43D800CAC439 /* Main.storyboard in Resources */,
			);
			runOnlyForDeploymentPostprocessing = 0;
		};
/* End PBXResourcesBuildPhase section */

/* Begin PBXSourcesBuildPhase section */
		DA7F234528CF43D800CAC439 /* Sources */ = {
			isa = PBXSourcesBuildPhase;
			buildActionMask = 2147483647;
			files = (
				DA7F236328CF580900CAC439 /* NetworkService.swift in Sources */,
				DAD0619928D0E84B008968CB /* FinalViewController.swift in Sources */,
				DA7F236128CF4FB100CAC439 /* CatalogViewController.swift in Sources */,
				DA7F235128CF43D800CAC439 /* ViewController.swift in Sources */,
				DA7F237028D0CB4500CAC439 /* PaymentViewController.swift in Sources */,
				DA7F236528CF589300CAC439 /* Models.swift in Sources */,
				DA7F234D28CF43D800CAC439 /* AppDelegate.swift in Sources */,
				DA7F234F28CF43D800CAC439 /* SceneDelegate.swift in Sources */,
				DA7F236928CF5F4700CAC439 /* CatalogCustomCell.swift in Sources */,
				DA7F237228D0CB7300CAC439 /* PaymentCustomCell.swift in Sources */,
			);
			runOnlyForDeploymentPostprocessing = 0;
		};
/* End PBXSourcesBuildPhase section */

/* Begin PBXVariantGroup section */
		DA7F235228CF43D800CAC439 /* Main.storyboard */ = {
			isa = PBXVariantGroup;
			children = (
				DA7F235328CF43D800CAC439 /* Base */,
			);
			name = Main.storyboard;
			sourceTree = "<group>";
		};
		DA7F235728CF43DA00CAC439 /* LaunchScreen.storyboard */ = {
			isa = PBXVariantGroup;
			children = (
				DA7F235828CF43DA00CAC439 /* Base */,
			);
			name = LaunchScreen.storyboard;
			sourceTree = "<group>";
		};
/* End PBXVariantGroup section */

/* Begin XCBuildConfiguration section */
		DA7F235B28CF43DA00CAC439 /* Debug */ = {
			isa = XCBuildConfiguration;
			buildSettings = {
				ALWAYS_SEARCH_USER_PATHS = NO;
				CLANG_ANALYZER_NONNULL = YES;
				CLANG_ANALYZER_NUMBER_OBJECT_CONVERSION = YES_AGGRESSIVE;
				CLANG_CXX_LANGUAGE_STANDARD = "gnu++17";
				CLANG_ENABLE_MODULES = YES;
				CLANG_ENABLE_OBJC_ARC = YES;
				CLANG_ENABLE_OBJC_WEAK = YES;
				CLANG_WARN_BLOCK_CAPTURE_AUTORELEASING = YES;
				CLANG_WARN_BOOL_CONVERSION = YES;
				CLANG_WARN_COMMA = YES;
				CLANG_WARN_CONSTANT_CONVERSION = YES;
				CLANG_WARN_DEPRECATED_OBJC_IMPLEMENTATIONS = YES;
				CLANG_WARN_DIRECT_OBJC_ISA_USAGE = YES_ERROR;
				CLANG_WARN_DOCUMENTATION_COMMENTS = YES;
				CLANG_WARN_EMPTY_BODY = YES;
				CLANG_WARN_ENUM_CONVERSION = YES;
				CLANG_WARN_INFINITE_RECURSION = YES;
				CLANG_WARN_INT_CONVERSION = YES;
				CLANG_WARN_NON_LITERAL_NULL_CONVERSION = YES;
				CLANG_WARN_OBJC_IMPLICIT_RETAIN_SELF = YES;
				CLANG_WARN_OBJC_LITERAL_CONVERSION = YES;
				CLANG_WARN_OBJC_ROOT_CLASS = YES_ERROR;
				CLANG_WARN_QUOTED_INCLUDE_IN_FRAMEWORK_HEADER = YES;
				CLANG_WARN_RANGE_LOOP_ANALYSIS = YES;
				CLANG_WARN_STRICT_PROTOTYPES = YES;
				CLANG_WARN_SUSPICIOUS_MOVE = YES;
				CLANG_WARN_UNGUARDED_AVAILABILITY = YES_AGGRESSIVE;
				CLANG_WARN_UNREACHABLE_CODE = YES;
				CLANG_WARN__DUPLICATE_METHOD_MATCH = YES;
				COPY_PHASE_STRIP = NO;
				DEBUG_INFORMATION_FORMAT = dwarf;
				ENABLE_STRICT_OBJC_MSGSEND = YES;
				ENABLE_TESTABILITY = YES;
				GCC_C_LANGUAGE_STANDARD = gnu11;
				GCC_DYNAMIC_NO_PIC = NO;
				GCC_NO_COMMON_BLOCKS = YES;
				GCC_OPTIMIZATION_LEVEL = 0;
				GCC_PREPROCESSOR_DEFINITIONS = (
					"DEBUG=1",
					"$(inherited)",
				);
				GCC_WARN_64_TO_32_BIT_CONVERSION = YES;
				GCC_WARN_ABOUT_RETURN_TYPE = YES_ERROR;
				GCC_WARN_UNDECLARED_SELECTOR = YES;
				GCC_WARN_UNINITIALIZED_AUTOS = YES_AGGRESSIVE;
				GCC_WARN_UNUSED_FUNCTION = YES;
				GCC_WARN_UNUSED_VARIABLE = YES;
				IPHONEOS_DEPLOYMENT_TARGET = 15.5;
				MTL_ENABLE_DEBUG_INFO = INCLUDE_SOURCE;
				MTL_FAST_MATH = YES;
				ONLY_ACTIVE_ARCH = YES;
				SDKROOT = iphoneos;
				SWIFT_ACTIVE_COMPILATION_CONDITIONS = DEBUG;
				SWIFT_OPTIMIZATION_LEVEL = "-Onone";
			};
			name = Debug;
		};
		DA7F235C28CF43DA00CAC439 /* Release */ = {
			isa = XCBuildConfiguration;
			buildSettings = {
				ALWAYS_SEARCH_USER_PATHS = NO;
				CLANG_ANALYZER_NONNULL = YES;
				CLANG_ANALYZER_NUMBER_OBJECT_CONVERSION = YES_AGGRESSIVE;
				CLANG_CXX_LANGUAGE_STANDARD = "gnu++17";
				CLANG_ENABLE_MODULES = YES;
				CLANG_ENABLE_OBJC_ARC = YES;
				CLANG_ENABLE_OBJC_WEAK = YES;
				CLANG_WARN_BLOCK_CAPTURE_AUTORELEASING = YES;
				CLANG_WARN_BOOL_CONVERSION = YES;
				CLANG_WARN_COMMA = YES;
				CLANG_WARN_CONSTANT_CONVERSION = YES;
				CLANG_WARN_DEPRECATED_OBJC_IMPLEMENTATIONS = YES;
				CLANG_WARN_DIRECT_OBJC_ISA_USAGE = YES_ERROR;
				CLANG_WARN_DOCUMENTATION_COMMENTS = YES;
				CLANG_WARN_EMPTY_BODY = YES;
				CLANG_WARN_ENUM_CONVERSION = YES;
				CLANG_WARN_INFINITE_RECURSION = YES;
				CLANG_WARN_INT_CONVERSION = YES;
				CLANG_WARN_NON_LITERAL_NULL_CONVERSION = YES;
				CLANG_WARN_OBJC_IMPLICIT_RETAIN_SELF = YES;
				CLANG_WARN_OBJC_LITERAL_CONVERSION = YES;
				CLANG_WARN_OBJC_ROOT_CLASS = YES_ERROR;
				CLANG_WARN_QUOTED_INCLUDE_IN_FRAMEWORK_HEADER = YES;
				CLANG_WARN_RANGE_LOOP_ANALYSIS = YES;
				CLANG_WARN_STRICT_PROTOTYPES = YES;
				CLANG_WARN_SUSPICIOUS_MOVE = YES;
				CLANG_WARN_UNGUARDED_AVAILABILITY = YES_AGGRESSIVE;
				CLANG_WARN_UNREACHABLE_CODE = YES;
				CLANG_WARN__DUPLICATE_METHOD_MATCH = YES;
				COPY_PHASE_STRIP = NO;
				DEBUG_INFORMATION_FORMAT = "dwarf-with-dsym";
				ENABLE_NS_ASSERTIONS = NO;
				ENABLE_STRICT_OBJC_MSGSEND = YES;
				GCC_C_LANGUAGE_STANDARD = gnu11;
				GCC_NO_COMMON_BLOCKS = YES;
				GCC_WARN_64_TO_32_BIT_CONVERSION = YES;
				GCC_WARN_ABOUT_RETURN_TYPE = YES_ERROR;
				GCC_WARN_UNDECLARED_SELECTOR = YES;
				GCC_WARN_UNINITIALIZED_AUTOS = YES_AGGRESSIVE;
				GCC_WARN_UNUSED_FUNCTION = YES;
				GCC_WARN_UNUSED_VARIABLE = YES;
				IPHONEOS_DEPLOYMENT_TARGET = 15.5;
				MTL_ENABLE_DEBUG_INFO = NO;
				MTL_FAST_MATH = YES;
				SDKROOT = iphoneos;
				SWIFT_COMPILATION_MODE = wholemodule;
				SWIFT_OPTIMIZATION_LEVEL = "-O";
				VALIDATE_PRODUCT = YES;
			};
			name = Release;
		};
		DA7F235E28CF43DA00CAC439 /* Debug */ = {
			isa = XCBuildConfiguration;
			buildSettings = {
				ASSETCATALOG_COMPILER_APPICON_NAME = AppIcon;
				ASSETCATALOG_COMPILER_GLOBAL_ACCENT_COLOR_NAME = AccentColor;
				CODE_SIGN_STYLE = Automatic;
				CURRENT_PROJECT_VERSION = 1;
				DEVELOPMENT_TEAM = W25CN6H3TY;
				GENERATE_INFOPLIST_FILE = YES;
				INFOPLIST_FILE = TechnicsShop/Info.plist;
				INFOPLIST_KEY_UIApplicationSupportsIndirectInputEvents = YES;
				INFOPLIST_KEY_UILaunchStoryboardName = LaunchScreen;
				INFOPLIST_KEY_UIMainStoryboardFile = Main;
				INFOPLIST_KEY_UISupportedInterfaceOrientations = UIInterfaceOrientationPortrait;
				INFOPLIST_KEY_UISupportedInterfaceOrientations_iPad = "UIInterfaceOrientationPortrait UIInterfaceOrientationPortraitUpsideDown UIInterfaceOrientationLandscapeLeft UIInterfaceOrientationLandscapeRight";
				INFOPLIST_KEY_UISupportedInterfaceOrientations_iPhone = "UIInterfaceOrientationPortrait UIInterfaceOrientationLandscapeLeft UIInterfaceOrientationLandscapeRight";
				LD_RUNPATH_SEARCH_PATHS = (
					"$(inherited)",
					"@executable_path/Frameworks",
				);
				MARKETING_VERSION = 1.0;
				PRODUCT_BUNDLE_IDENTIFIER = com.smartacademy.TechnicsShop;
				PRODUCT_NAME = "$(TARGET_NAME)";
				SWIFT_EMIT_LOC_STRINGS = YES;
				SWIFT_VERSION = 5.0;
				TARGETED_DEVICE_FAMILY = "1,2";
			};
			name = Debug;
		};
		DA7F235F28CF43DA00CAC439 /* Release */ = {
			isa = XCBuildConfiguration;
			buildSettings = {
				ASSETCATALOG_COMPILER_APPICON_NAME = AppIcon;
				ASSETCATALOG_COMPILER_GLOBAL_ACCENT_COLOR_NAME = AccentColor;
				CODE_SIGN_STYLE = Automatic;
				CURRENT_PROJECT_VERSION = 1;
				DEVELOPMENT_TEAM = W25CN6H3TY;
				GENERATE_INFOPLIST_FILE = YES;
				INFOPLIST_FILE = TechnicsShop/Info.plist;
				INFOPLIST_KEY_UIApplicationSupportsIndirectInputEvents = YES;
				INFOPLIST_KEY_UILaunchStoryboardName = LaunchScreen;
				INFOPLIST_KEY_UIMainStoryboardFile = Main;
				INFOPLIST_KEY_UISupportedInterfaceOrientations = UIInterfaceOrientationPortrait;
				INFOPLIST_KEY_UISupportedInterfaceOrientations_iPad = "UIInterfaceOrientationPortrait UIInterfaceOrientationPortraitUpsideDown UIInterfaceOrientationLandscapeLeft UIInterfaceOrientationLandscapeRight";
				INFOPLIST_KEY_UISupportedInterfaceOrientations_iPhone = "UIInterfaceOrientationPortrait UIInterfaceOrientationLandscapeLeft UIInterfaceOrientationLandscapeRight";
				LD_RUNPATH_SEARCH_PATHS = (
					"$(inherited)",
					"@executable_path/Frameworks",
				);
				MARKETING_VERSION = 1.0;
				PRODUCT_BUNDLE_IDENTIFIER = com.smartacademy.TechnicsShop;
				PRODUCT_NAME = "$(TARGET_NAME)";
				SWIFT_EMIT_LOC_STRINGS = YES;
				SWIFT_VERSION = 5.0;
				TARGETED_DEVICE_FAMILY = "1,2";
			};
			name = Release;
		};
/* End XCBuildConfiguration section */

/* Begin XCConfigurationList section */
		DA7F234428CF43D800CAC439 /* Build configuration list for PBXProject "TechnicsShop" */ = {
			isa = XCConfigurationList;
			buildConfigurations = (
				DA7F235B28CF43DA00CAC439 /* Debug */,
				DA7F235C28CF43DA00CAC439 /* Release */,
			);
			defaultConfigurationIsVisible = 0;
			defaultConfigurationName = Release;
		};
		DA7F235D28CF43DA00CAC439 /* Build configuration list for PBXNativeTarget "TechnicsShop" */ = {
			isa = XCConfigurationList;
			buildConfigurations = (
				DA7F235E28CF43DA00CAC439 /* Debug */,
				DA7F235F28CF43DA00CAC439 /* Release */,
			);
			defaultConfigurationIsVisible = 0;
			defaultConfigurationName = Release;
		};
/* End XCConfigurationList section */

/* Begin XCRemoteSwiftPackageReference section */
		DA7F236A28CF710400CAC439 /* XCRemoteSwiftPackageReference "SDWebImage" */ = {
			isa = XCRemoteSwiftPackageReference;
			repositoryURL = "https://github.com/SDWebImage/SDWebImage";
			requirement = {
				kind = upToNextMajorVersion;
				minimumVersion = 5.0.0;
			};
		};
/* End XCRemoteSwiftPackageReference section */

/* Begin XCSwiftPackageProductDependency section */
		DA7F236B28CF710400CAC439 /* SDWebImage */ = {
			isa = XCSwiftPackageProductDependency;
			package = DA7F236A28CF710400CAC439 /* XCRemoteSwiftPackageReference "SDWebImage" */;
			productName = SDWebImage;
		};
		DA7F236D28CF710400CAC439 /* SDWebImageMapKit */ = {
			isa = XCSwiftPackageProductDependency;
			package = DA7F236A28CF710400CAC439 /* XCRemoteSwiftPackageReference "SDWebImage" */;
			productName = SDWebImageMapKit;
		};
/* End XCSwiftPackageProductDependency section */
	};
	rootObject = DA7F234128CF43D800CAC439 /* Project object */;
}
